// !$*UTF8*$!
{
	archiveVersion = 1;
	classes = {
	};
	objectVersion = 51;
	objects = {

/* Begin PBXBuildFile section */
		A1ADA1C822DE1B4000BC7EBB /* AppDelegate.swift in Sources */ = {isa = PBXBuildFile; fileRef = A1ADA1C722DE1B4000BC7EBB /* AppDelegate.swift */; };
		A1ADA1CA22DE1B4000BC7EBB /* ViewController.swift in Sources */ = {isa = PBXBuildFile; fileRef = A1ADA1C922DE1B4000BC7EBB /* ViewController.swift */; };
		A1ADA1CD22DE1B4000BC7EBB /* Main.storyboard in Resources */ = {isa = PBXBuildFile; fileRef = A1ADA1CB22DE1B4000BC7EBB /* Main.storyboard */; };
		A1ADA1CF22DE1B4100BC7EBB /* Assets.xcassets in Resources */ = {isa = PBXBuildFile; fileRef = A1ADA1CE22DE1B4100BC7EBB /* Assets.xcassets */; };
		A1ADA1D222DE1B4100BC7EBB /* LaunchScreen.storyboard in Resources */ = {isa = PBXBuildFile; fileRef = A1ADA1D022DE1B4100BC7EBB /* LaunchScreen.storyboard */; };
		AEC5036DF041A987DB344F29 /* Pods_DTCoreTextExample.framework in Frameworks */ = {isa = PBXBuildFile; fileRef = 4DC0D34B20E72A69419E39DB /* Pods_DTCoreTextExample.framework */; };
		C26949F222DE2F6800702AED /* Extensions.swift in Sources */ = {isa = PBXBuildFile; fileRef = C26949F122DE2F6800702AED /* Extensions.swift */; };
/* End PBXBuildFile section */

/* Begin PBXFileReference section */
		12623C59BB1C918BC0FFBAB9 /* Pods-DTCoreTextExample.release.xcconfig */ = {isa = PBXFileReference; includeInIndex = 1; lastKnownFileType = text.xcconfig; name = "Pods-DTCoreTextExample.release.xcconfig"; path = "Target Support Files/Pods-DTCoreTextExample/Pods-DTCoreTextExample.release.xcconfig"; sourceTree = "<group>"; };
		4DC0D34B20E72A69419E39DB /* Pods_DTCoreTextExample.framework */ = {isa = PBXFileReference; explicitFileType = wrapper.framework; includeInIndex = 0; path = Pods_DTCoreTextExample.framework; sourceTree = BUILT_PRODUCTS_DIR; };
		A1ADA1C422DE1B4000BC7EBB /* DTCoreTextExample.app */ = {isa = PBXFileReference; explicitFileType = wrapper.application; includeInIndex = 0; path = DTCoreTextExample.app; sourceTree = BUILT_PRODUCTS_DIR; };
		A1ADA1C722DE1B4000BC7EBB /* AppDelegate.swift */ = {isa = PBXFileReference; lastKnownFileType = sourcecode.swift; path = AppDelegate.swift; sourceTree = "<group>"; };
		A1ADA1C922DE1B4000BC7EBB /* ViewController.swift */ = {isa = PBXFileReference; lastKnownFileType = sourcecode.swift; path = ViewController.swift; sourceTree = "<group>"; };
		A1ADA1CC22DE1B4000BC7EBB /* Base */ = {isa = PBXFileReference; lastKnownFileType = file.storyboard; name = Base; path = Base.lproj/Main.storyboard; sourceTree = "<group>"; };
		A1ADA1CE22DE1B4100BC7EBB /* Assets.xcassets */ = {isa = PBXFileReference; lastKnownFileType = folder.assetcatalog; path = Assets.xcassets; sourceTree = "<group>"; };
		A1ADA1D122DE1B4100BC7EBB /* Base */ = {isa = PBXFileReference; lastKnownFileType = file.storyboard; name = Base; path = Base.lproj/LaunchScreen.storyboard; sourceTree = "<group>"; };
		A1ADA1D322DE1B4100BC7EBB /* Info.plist */ = {isa = PBXFileReference; lastKnownFileType = text.plist.xml; path = Info.plist; sourceTree = "<group>"; };
		C26949F122DE2F6800702AED /* Extensions.swift */ = {isa = PBXFileReference; lastKnownFileType = sourcecode.swift; path = Extensions.swift; sourceTree = "<group>"; };
		FF3EF0A61FA4B985D6C52B73 /* Pods-DTCoreTextExample.debug.xcconfig */ = {isa = PBXFileReference; includeInIndex = 1; lastKnownFileType = text.xcconfig; name = "Pods-DTCoreTextExample.debug.xcconfig"; path = "Target Support Files/Pods-DTCoreTextExample/Pods-DTCoreTextExample.debug.xcconfig"; sourceTree = "<group>"; };
/* End PBXFileReference section */

/* Begin PBXFrameworksBuildPhase section */
		A1ADA1C122DE1B4000BC7EBB /* Frameworks */ = {
			isa = PBXFrameworksBuildPhase;
			buildActionMask = 2147483647;
			files = (
				AEC5036DF041A987DB344F29 /* Pods_DTCoreTextExample.framework in Frameworks */,
			);
			runOnlyForDeploymentPostprocessing = 0;
		};
/* End PBXFrameworksBuildPhase section */

/* Begin PBXGroup section */
		41B10F74D3F9AA22329E929B /* Pods */ = {
			isa = PBXGroup;
			children = (
				FF3EF0A61FA4B985D6C52B73 /* Pods-DTCoreTextExample.debug.xcconfig */,
				12623C59BB1C918BC0FFBAB9 /* Pods-DTCoreTextExample.release.xcconfig */,
			);
			path = Pods;
			sourceTree = "<group>";
		};
		99706EDA147E1920C1B94C07 /* Frameworks */ = {
			isa = PBXGroup;
			children = (
				4DC0D34B20E72A69419E39DB /* Pods_DTCoreTextExample.framework */,
			);
			name = Frameworks;
			sourceTree = "<group>";
		};
		A1ADA1BB22DE1B4000BC7EBB = {
			isa = PBXGroup;
			children = (
				A1ADA1C622DE1B4000BC7EBB /* DTCoreTextExample */,
				A1ADA1C522DE1B4000BC7EBB /* Products */,
				41B10F74D3F9AA22329E929B /* Pods */,
				99706EDA147E1920C1B94C07 /* Frameworks */,
			);
			sourceTree = "<group>";
		};
		A1ADA1C522DE1B4000BC7EBB /* Products */ = {
			isa = PBXGroup;
			children = (
				A1ADA1C422DE1B4000BC7EBB /* DTCoreTextExample.app */,
			);
			name = Products;
			sourceTree = "<group>";
		};
		A1ADA1C622DE1B4000BC7EBB /* DTCoreTextExample */ = {
			isa = PBXGroup;
			children = (
				A1ADA1C722DE1B4000BC7EBB /* AppDelegate.swift */,
				A1ADA1C922DE1B4000BC7EBB /* ViewController.swift */,
				A1ADA1CB22DE1B4000BC7EBB /* Main.storyboard */,
				A1ADA1CE22DE1B4100BC7EBB /* Assets.xcassets */,
				A1ADA1D022DE1B4100BC7EBB /* LaunchScreen.storyboard */,
				A1ADA1D322DE1B4100BC7EBB /* Info.plist */,
				C26949F122DE2F6800702AED /* Extensions.swift */,
			);
			path = DTCoreTextExample;
			sourceTree = "<group>";
		};
/* End PBXGroup section */

/* Begin PBXNativeTarget section */
		A1ADA1C322DE1B4000BC7EBB /* DTCoreTextExample */ = {
			isa = PBXNativeTarget;
			buildConfigurationList = A1ADA1D622DE1B4100BC7EBB /* Build configuration list for PBXNativeTarget "DTCoreTextExample" */;
			buildPhases = (
				1385488C196B2CDD6C074E7A /* [CP] Check Pods Manifest.lock */,
				A1ADA1C022DE1B4000BC7EBB /* Sources */,
				A1ADA1C122DE1B4000BC7EBB /* Frameworks */,
				A1ADA1C222DE1B4000BC7EBB /* Resources */,
				9E384FC47C9E82ED6BCA93C4 /* [CP] Embed Pods Frameworks */,
			);
			buildRules = (
			);
			dependencies = (
			);
			name = DTCoreTextExample;
			productName = DTCoreTextExample;
			productReference = A1ADA1C422DE1B4000BC7EBB /* DTCoreTextExample.app */;
			productType = "com.apple.product-type.application";
		};
/* End PBXNativeTarget section */

/* Begin PBXProject section */
		A1ADA1BC22DE1B4000BC7EBB /* Project object */ = {
			isa = PBXProject;
			attributes = {
				LastSwiftUpdateCheck = 1020;
				LastUpgradeCheck = 1020;
				ORGANIZATIONNAME = "John Codeos";
				TargetAttributes = {
					A1ADA1C322DE1B4000BC7EBB = {
						CreatedOnToolsVersion = 10.2.1;
					};
				};
			};
			buildConfigurationList = A1ADA1BF22DE1B4000BC7EBB /* Build configuration list for PBXProject "DTCoreTextExample" */;
			compatibilityVersion = "Xcode 9.3";
			developmentRegion = en;
			hasScannedForEncodings = 0;
			knownRegions = (
				en,
				Base,
			);
			mainGroup = A1ADA1BB22DE1B4000BC7EBB;
			productRefGroup = A1ADA1C522DE1B4000BC7EBB /* Products */;
			projectDirPath = "";
			projectRoot = "";
			targets = (
				A1ADA1C322DE1B4000BC7EBB /* DTCoreTextExample */,
			);
		};
/* End PBXProject section */

/* Begin PBXResourcesBuildPhase section */
		A1ADA1C222DE1B4000BC7EBB /* Resources */ = {
			isa = PBXResourcesBuildPhase;
			buildActionMask = 2147483647;
			files = (
				A1ADA1D222DE1B4100BC7EBB /* LaunchScreen.storyboard in Resources */,
				A1ADA1CF22DE1B4100BC7EBB /* Assets.xcassets in Resources */,
				A1ADA1CD22DE1B4000BC7EBB /* Main.storyboard in Resources */,
			);
			runOnlyForDeploymentPostprocessing = 0;
		};
/* End PBXResourcesBuildPhase section */

/* Begin PBXShellScriptBuildPhase section */
		1385488C196B2CDD6C074E7A /* [CP] Check Pods Manifest.lock */ = {
			isa = PBXShellScriptBuildPhase;
			buildActionMask = 2147483647;
			files = (
			);
			inputFileListPaths = (
			);
			inputPaths = (
				"${PODS_PODFILE_DIR_PATH}/Podfile.lock",
				"${PODS_ROOT}/Manifest.lock",
			);
			name = "[CP] Check Pods Manifest.lock";
			outputFileListPaths = (
			);
			outputPaths = (
				"$(DERIVED_FILE_DIR)/Pods-DTCoreTextExample-checkManifestLockResult.txt",
			);
			runOnlyForDeploymentPostprocessing = 0;
			shellPath = /bin/sh;
			shellScript = "diff \"${PODS_PODFILE_DIR_PATH}/Podfile.lock\" \"${PODS_ROOT}/Manifest.lock\" > /dev/null\nif [ $? != 0 ] ; then\n    # print error to STDERR\n    echo \"error: The sandbox is not in sync with the Podfile.lock. Run 'pod install' or update your CocoaPods installation.\" >&2\n    exit 1\nfi\n# This output is used by Xcode 'outputs' to avoid re-running this script phase.\necho \"SUCCESS\" > \"${SCRIPT_OUTPUT_FILE_0}\"\n";
			showEnvVarsInLog = 0;
		};
		9E384FC47C9E82ED6BCA93C4 /* [CP] Embed Pods Frameworks */ = {
			isa = PBXShellScriptBuildPhase;
			buildActionMask = 2147483647;
			files = (
			);
			inputFileListPaths = (
				"${PODS_ROOT}/Target Support Files/Pods-DTCoreTextExample/Pods-DTCoreTextExample-frameworks-${CONFIGURATION}-input-files.xcfilelist",
			);
			name = "[CP] Embed Pods Frameworks";
			outputFileListPaths = (
				"${PODS_ROOT}/Target Support Files/Pods-DTCoreTextExample/Pods-DTCoreTextExample-frameworks-${CONFIGURATION}-output-files.xcfilelist",
			);
			runOnlyForDeploymentPostprocessing = 0;
			shellPath = /bin/sh;
			shellScript = "\"${PODS_ROOT}/Target Support Files/Pods-DTCoreTextExample/Pods-DTCoreTextExample-frameworks.sh\"\n";
			showEnvVarsInLog = 0;
		};
/* End PBXShellScriptBuildPhase section */

/* Begin PBXSourcesBuildPhase section */
		A1ADA1C022DE1B4000BC7EBB /* Sources */ = {
			isa = PBXSourcesBuildPhase;
			buildActionMask = 2147483647;
			files = (
				A1ADA1CA22DE1B4000BC7EBB /* ViewController.swift in Sources */,
				C26949F222DE2F6800702AED /* Extensions.swift in Sources */,
				A1ADA1C822DE1B4000BC7EBB /* AppDelegate.swift in Sources */,
			);
			runOnlyForDeploymentPostprocessing = 0;
		};
/* End PBXSourcesBuildPhase section */

/* Begin PBXVariantGroup section */
		A1ADA1CB22DE1B4000BC7EBB /* Main.storyboard */ = {
			isa = PBXVariantGroup;
			children = (
				A1ADA1CC22DE1B4000BC7EBB /* Base */,
			);
			name = Main.storyboard;
			sourceTree = "<group>";
		};
		A1ADA1D022DE1B4100BC7EBB /* LaunchScreen.storyboard */ = {
			isa = PBXVariantGroup;
			children = (
				A1ADA1D122DE1B4100BC7EBB /* Base */,
			);
			name = LaunchScreen.storyboard;
			sourceTree = "<group>";
		};
/* End PBXVariantGroup section */

/* Begin XCBuildConfiguration section */
		A1ADA1D422DE1B4100BC7EBB /* Debug */ = {
			isa = XCBuildConfiguration;
			buildSettings = {
				ALWAYS_SEARCH_USER_PATHS = NO;
				CLANG_ANALYZER_NONNULL = YES;
				CLANG_ANALYZER_NUMBER_OBJECT_CONVERSION = YES_AGGRESSIVE;
				CLANG_CXX_LANGUAGE_STANDARD = "gnu++14";
				CLANG_CXX_LIBRARY = "libc++";
				CLANG_ENABLE_MODULES = YES;
				CLANG_ENABLE_OBJC_ARC = YES;
				CLANG_ENABLE_OBJC_WEAK = YES;
				CLANG_WARN_BLOCK_CAPTURE_AUTORELEASING = YES;
				CLANG_WARN_BOOL_CONVERSION = YES;
				CLANG_WARN_COMMA = YES;
				CLANG_WARN_CONSTANT_CONVERSION = YES;
				CLANG_WARN_DEPRECATED_OBJC_IMPLEMENTATIONS = YES;
				CLANG_WARN_DIRECT_OBJC_ISA_USAGE = YES_ERROR;
				CLANG_WARN_DOCUMENTATION_COMMENTS = YES;
				CLANG_WARN_EMPTY_BODY = YES;
				CLANG_WARN_ENUM_CONVERSION = YES;
				CLANG_WARN_INFINITE_RECURSION = YES;
				CLANG_WARN_INT_CONVERSION = YES;
				CLANG_WARN_NON_LITERAL_NULL_CONVERSION = YES;
				CLANG_WARN_OBJC_IMPLICIT_RETAIN_SELF = YES;
				CLANG_WARN_OBJC_LITERAL_CONVERSION = YES;
				CLANG_WARN_OBJC_ROOT_CLASS = YES_ERROR;
				CLANG_WARN_RANGE_LOOP_ANALYSIS = YES;
				CLANG_WARN_STRICT_PROTOTYPES = YES;
				CLANG_WARN_SUSPICIOUS_MOVE = YES;
				CLANG_WARN_UNGUARDED_AVAILABILITY = YES_AGGRESSIVE;
				CLANG_WARN_UNREACHABLE_CODE = YES;
				CLANG_WARN__DUPLICATE_METHOD_MATCH = YES;
				CODE_SIGN_IDENTITY = "iPhone Developer";
				COPY_PHASE_STRIP = NO;
				DEBUG_INFORMATION_FORMAT = dwarf;
				ENABLE_STRICT_OBJC_MSGSEND = YES;
				ENABLE_TESTABILITY = YES;
				GCC_C_LANGUAGE_STANDARD = gnu11;
				GCC_DYNAMIC_NO_PIC = NO;
				GCC_NO_COMMON_BLOCKS = YES;
				GCC_OPTIMIZATION_LEVEL = 0;
				GCC_PREPROCESSOR_DEFINITIONS = (
					"DEBUG=1",
					"$(inherited)",
				);
				GCC_WARN_64_TO_32_BIT_CONVERSION = YES;
				GCC_WARN_ABOUT_RETURN_TYPE = YES_ERROR;
				GCC_WARN_UNDECLARED_SELECTOR = YES;
				GCC_WARN_UNINITIALIZED_AUTOS = YES_AGGRESSIVE;
				GCC_WARN_UNUSED_FUNCTION = YES;
				GCC_WARN_UNUSED_VARIABLE = YES;
				IPHONEOS_DEPLOYMENT_TARGET = 12.2;
				MTL_ENABLE_DEBUG_INFO = INCLUDE_SOURCE;
				MTL_FAST_MATH = YES;
				ONLY_ACTIVE_ARCH = YES;
				SDKROOT = iphoneos;
				SWIFT_ACTIVE_COMPILATION_CONDITIONS = DEBUG;
				SWIFT_OPTIMIZATION_LEVEL = "-Onone";
			};
			name = Debug;
		};
		A1ADA1D522DE1B4100BC7EBB /* Release */ = {
			isa = XCBuildConfiguration;
			buildSettings = {
				ALWAYS_SEARCH_USER_PATHS = NO;
				CLANG_ANALYZER_NONNULL = YES;
				CLANG_ANALYZER_NUMBER_OBJECT_CONVERSION = YES_AGGRESSIVE;
				CLANG_CXX_LANGUAGE_STANDARD = "gnu++14";
				CLANG_CXX_LIBRARY = "libc++";
				CLANG_ENABLE_MODULES = YES;
				CLANG_ENABLE_OBJC_ARC = YES;
				CLANG_ENABLE_OBJC_WEAK = YES;
				CLANG_WARN_BLOCK_CAPTURE_AUTORELEASING = YES;
				CLANG_WARN_BOOL_CONVERSION = YES;
				CLANG_WARN_COMMA = YES;
				CLANG_WARN_CONSTANT_CONVERSION = YES;
				CLANG_WARN_DEPRECATED_OBJC_IMPLEMENTATIONS = YES;
				CLANG_WARN_DIRECT_OBJC_ISA_USAGE = YES_ERROR;
				CLANG_WARN_DOCUMENTATION_COMMENTS = YES;
				CLANG_WARN_EMPTY_BODY = YES;
				CLANG_WARN_ENUM_CONVERSION = YES;
				CLANG_WARN_INFINITE_RECURSION = YES;
				CLANG_WARN_INT_CONVERSION = YES;
				CLANG_WARN_NON_LITERAL_NULL_CONVERSION = YES;
				CLANG_WARN_OBJC_IMPLICIT_RETAIN_SELF = YES;
				CLANG_WARN_OBJC_LITERAL_CONVERSION = YES;
				CLANG_WARN_OBJC_ROOT_CLASS = YES_ERROR;
				CLANG_WARN_RANGE_LOOP_ANALYSIS = YES;
				CLANG_WARN_STRICT_PROTOTYPES = YES;
				CLANG_WARN_SUSPICIOUS_MOVE = YES;
				CLANG_WARN_UNGUARDED_AVAILABILITY = YES_AGGRESSIVE;
				CLANG_WARN_UNREACHABLE_CODE = YES;
				CLANG_WARN__DUPLICATE_METHOD_MATCH = YES;
				CODE_SIGN_IDENTITY = "iPhone Developer";
				COPY_PHASE_STRIP = NO;
				DEBUG_INFORMATION_FORMAT = "dwarf-with-dsym";
				ENABLE_NS_ASSERTIONS = NO;
				ENABLE_STRICT_OBJC_MSGSEND = YES;
				GCC_C_LANGUAGE_STANDARD = gnu11;
				GCC_NO_COMMON_BLOCKS = YES;
				GCC_WARN_64_TO_32_BIT_CONVERSION = YES;
				GCC_WARN_ABOUT_RETURN_TYPE = YES_ERROR;
				GCC_WARN_UNDECLARED_SELECTOR = YES;
				GCC_WARN_UNINITIALIZED_AUTOS = YES_AGGRESSIVE;
				GCC_WARN_UNUSED_FUNCTION = YES;
				GCC_WARN_UNUSED_VARIABLE = YES;
				IPHONEOS_DEPLOYMENT_TARGET = 12.2;
				MTL_ENABLE_DEBUG_INFO = NO;
				MTL_FAST_MATH = YES;
				SDKROOT = iphoneos;
				SWIFT_COMPILATION_MODE = wholemodule;
				SWIFT_OPTIMIZATION_LEVEL = "-O";
				VALIDATE_PRODUCT = YES;
			};
			name = Release;
		};
		A1ADA1D722DE1B4100BC7EBB /* Debug */ = {
			isa = XCBuildConfiguration;
			baseConfigurationReference = FF3EF0A61FA4B985D6C52B73 /* Pods-DTCoreTextExample.debug.xcconfig */;
			buildSettings = {
				ASSETCATALOG_COMPILER_APPICON_NAME = AppIcon;
				CODE_SIGN_STYLE = Automatic;
				DEVELOPMENT_TEAM = 6P8Q9Q6J62;
				INFOPLIST_FILE = DTCoreTextExample/Info.plist;
				LD_RUNPATH_SEARCH_PATHS = (
					"$(inherited)",
					"@executable_path/Frameworks",
				);
				PRODUCT_BUNDLE_IDENTIFIER = com.johncodeos.DTCoreTextExample;
				PRODUCT_NAME = "$(TARGET_NAME)";
				SWIFT_VERSION = 5.0;
				TARGETED_DEVICE_FAMILY = "1,2";
			};
			name = Debug;
		};
		A1ADA1D822DE1B4100BC7EBB /* Release */ = {
			isa = XCBuildConfiguration;
			baseConfigurationReference = 12623C59BB1C918BC0FFBAB9 /* Pods-DTCoreTextExample.release.xcconfig */;
			buildSettings = {
				ASSETCATALOG_COMPILER_APPICON_NAME = AppIcon;
				CODE_SIGN_STYLE = Automatic;
				DEVELOPMENT_TEAM = 6P8Q9Q6J62;
				INFOPLIST_FILE = DTCoreTextExample/Info.plist;
				LD_RUNPATH_SEARCH_PATHS = (
					"$(inherited)",
					"@executable_path/Frameworks",
				);
				PRODUCT_BUNDLE_IDENTIFIER = com.johncodeos.DTCoreTextExample;
				PRODUCT_NAME = "$(TARGET_NAME)";
				SWIFT_VERSION = 5.0;
				TARGETED_DEVICE_FAMILY = "1,2";
			};
			name = Release;
		};
/* End XCBuildConfiguration section */

/* Begin XCConfigurationList section */
		A1ADA1BF22DE1B4000BC7EBB /* Build configuration list for PBXProject "DTCoreTextExample" */ = {
			isa = XCConfigurationList;
			buildConfigurations = (
				A1ADA1D422DE1B4100BC7EBB /* Debug */,
				A1ADA1D522DE1B4100BC7EBB /* Release */,
			);
			defaultConfigurationIsVisible = 0;
			defaultConfigurationName = Release;
		};
		A1ADA1D622DE1B4100BC7EBB /* Build configuration list for PBXNativeTarget "DTCoreTextExample" */ = {
			isa = XCConfigurationList;
			buildConfigurations = (
				A1ADA1D722DE1B4100BC7EBB /* Debug */,
				A1ADA1D822DE1B4100BC7EBB /* Release */,
			);
			defaultConfigurationIsVisible = 0;
			defaultConfigurationName = Release;
		};
/* End XCConfigurationList section */
	};
	rootObject = A1ADA1BC22DE1B4000BC7EBB /* Project object */;
}
